PODS:
  - Flutter (1.0.0)
  - screen_time_api_ios (0.0.1):
    - Flutter

DEPENDENCIES:
  - Flutter (from `Flutter`)
  - screen_time_api_ios (from `.symlinks/plugins/screen_time_api_ios/ios`)

EXTERNAL SOURCES:
  Flutter:
    :path: Flutter
  screen_time_api_ios:
    :path: ".symlinks/plugins/screen_time_api_ios/ios"

SPEC CHECKSUMS:
  Flutter: e0871f40cf51350855a761d2e70bf5af5b9b5de7
  screen_time_api_ios: bfa77edf8dc18ff25471e01744eadc9746c7d947

PODFILE CHECKSUM: 4c438addb11b6da45ed7ae408823d68256222460

COCOAPODS: 1.15.2
